
Microsoft Visual Studio Solution File, Format Version 12.00
# Visual Studio Version 17
VisualStudioVersion = 17.0.31919.166
MinimumVisualStudioVersion = 10.0.40219.1
Project("{9A19103F-16F7-4668-BE54-9A1E7A4F7556}") = "AdventOfCode2021", "AdventOfCode2021\AdventOfCode2021.csproj", "{12635CC3-1A5F-49C0-A298-9EFFF7ECECDC}"
EndProject
Project("{9A19103F-16F7-4668-BE54-9A1E7A4F7556}") = "AdventOfCode2021Tests", "AdventOfCode2021Tests\AdventOfCode2021Tests.csproj", "{6267B451-60F2-4695-A425-8A033529546D}"
EndProject
Project("{9A19103F-16F7-4668-BE54-9A1E7A4F7556}") = "AdventOfCodeBenchmark", "AdventOfCodeBenchmark\AdventOfCodeBenchmark.csproj", "{196C045A-5338-477C-8CB2-40B52E06BF95}"
EndProject
Project("{9A19103F-16F7-4668-BE54-9A1E7A4F7556}") = "AdventOfCode2021Runner", "AdventOfCode2021Runner\AdventOfCode2021Runner.csproj", "{123E9B04-66FA-4C7C-9E46-096802FAE66F}"
EndProject
Project("{2150E333-8FDC-42A3-9474-1A3956D46DE8}") = "Solution Items", "Solution Items", "{2F6CD7C5-8522-4F3A-94F8-4532912DB33A}"
	ProjectSection(SolutionItems) = preProject
		.editorconfig = .editorconfig
	EndProjectSection
EndProject
Global
	GlobalSection(SolutionConfigurationPlatforms) = preSolution
		Debug|Any CPU = Debug|Any CPU
		Release|Any CPU = Release|Any CPU
	EndGlobalSection
	GlobalSection(ProjectConfigurationPlatforms) = postSolution
		{12635CC3-1A5F-49C0-A298-9EFFF7ECECDC}.Debug|Any CPU.ActiveCfg = Debug|Any CPU
		{12635CC3-1A5F-49C0-A298-9EFFF7ECECDC}.Debug|Any CPU.Build.0 = Debug|Any CPU
		{12635CC3-1A5F-49C0-A298-9EFFF7ECECDC}.Release|Any CPU.ActiveCfg = Release|Any CPU
		{12635CC3-1A5F-49C0-A298-9EFFF7ECECDC}.Release|Any CPU.Build.0 = Release|Any CPU
		{6267B451-60F2-4695-A425-8A033529546D}.Debug|Any CPU.ActiveCfg = Debug|Any CPU
		{6267B451-60F2-4695-A425-8A033529546D}.Debug|Any CPU.Build.0 = Debug|Any CPU
		{6267B451-60F2-4695-A425-8A033529546D}.Release|Any CPU.ActiveCfg = Release|Any CPU
		{6267B451-60F2-4695-A425-8A033529546D}.Release|Any CPU.Build.0 = Release|Any CPU
		{196C045A-5338-477C-8CB2-40B52E06BF95}.Debug|Any CPU.ActiveCfg = Debug|Any CPU
		{196C045A-5338-477C-8CB2-40B52E06BF95}.Debug|Any CPU.Build.0 = Debug|Any CPU
		{196C045A-5338-477C-8CB2-40B52E06BF95}.Release|Any CPU.ActiveCfg = Release|Any CPU
		{196C045A-5338-477C-8CB2-40B52E06BF95}.Release|Any CPU.Build.0 = Release|Any CPU
		{123E9B04-66FA-4C7C-9E46-096802FAE66F}.Debug|Any CPU.ActiveCfg = Debug|Any CPU
		{123E9B04-66FA-4C7C-9E46-096802FAE66F}.Debug|Any CPU.Build.0 = Debug|Any CPU
		{123E9B04-66FA-4C7C-9E46-096802FAE66F}.Release|Any CPU.ActiveCfg = Release|Any CPU
		{123E9B04-66FA-4C7C-9E46-096802FAE66F}.Release|Any CPU.Build.0 = Release|Any CPU
	EndGlobalSection
	GlobalSection(SolutionProperties) = preSolution
		HideSolutionNode = FALSE
	EndGlobalSection
	GlobalSection(ExtensibilityGlobals) = postSolution
		SolutionGuid = {656F9483-A0AF-4639-92C7-14A73F981091}
	EndGlobalSection
EndGlobal
